// !$*UTF8*$!
{
	archiveVersion = 1;
	classes = {
	};
	objectVersion = 51;
	objects = {

/* Begin PBXBuildFile section */
		0222CCE0231056CB00797FA9 /* AuthViewController.swift in Sources */ = {isa = PBXBuildFile; fileRef = 0222CCDF231056CB00797FA9 /* AuthViewController.swift */; };
		0222CCE223105C8700797FA9 /* SnapsTableViewController.swift in Sources */ = {isa = PBXBuildFile; fileRef = 0222CCE123105C8700797FA9 /* SnapsTableViewController.swift */; };
		0222CCE4231061C200797FA9 /* AddImageViewController.swift in Sources */ = {isa = PBXBuildFile; fileRef = 0222CCE3231061C200797FA9 /* AddImageViewController.swift */; };
		0269559F230F4BCF00A29976 /* AppDelegate.swift in Sources */ = {isa = PBXBuildFile; fileRef = 0269559E230F4BCF00A29976 /* AppDelegate.swift */; };
		026955A4230F4BCF00A29976 /* Main.storyboard in Resources */ = {isa = PBXBuildFile; fileRef = 026955A2230F4BCF00A29976 /* Main.storyboard */; };
		026955A6230F4BD100A29976 /* Assets.xcassets in Resources */ = {isa = PBXBuildFile; fileRef = 026955A5230F4BD100A29976 /* Assets.xcassets */; };
		026955A9230F4BD100A29976 /* LaunchScreen.storyboard in Resources */ = {isa = PBXBuildFile; fileRef = 026955A7230F4BD100A29976 /* LaunchScreen.storyboard */; };
		026955B1230F4F1000A29976 /* GoogleService-Info.plist in Resources */ = {isa = PBXBuildFile; fileRef = 026955B0230F4F1000A29976 /* GoogleService-Info.plist */; };
		C115A9B15E2ECA0BE69D0F23 /* Pods_snapmessagechat.framework in Frameworks */ = {isa = PBXBuildFile; fileRef = DADC4B3EA1007DC94793C9F4 /* Pods_snapmessagechat.framework */; };
/* End PBXBuildFile section */

/* Begin PBXFileReference section */
		0222CCDF231056CB00797FA9 /* AuthViewController.swift */ = {isa = PBXFileReference; lastKnownFileType = sourcecode.swift; path = AuthViewController.swift; sourceTree = "<group>"; };
		0222CCE123105C8700797FA9 /* SnapsTableViewController.swift */ = {isa = PBXFileReference; lastKnownFileType = sourcecode.swift; path = SnapsTableViewController.swift; sourceTree = "<group>"; };
		0222CCE3231061C200797FA9 /* AddImageViewController.swift */ = {isa = PBXFileReference; lastKnownFileType = sourcecode.swift; path = AddImageViewController.swift; sourceTree = "<group>"; };
		0269559B230F4BCF00A29976 /* snapmessagechat.app */ = {isa = PBXFileReference; explicitFileType = wrapper.application; includeInIndex = 0; path = snapmessagechat.app; sourceTree = BUILT_PRODUCTS_DIR; };
		0269559E230F4BCF00A29976 /* AppDelegate.swift */ = {isa = PBXFileReference; lastKnownFileType = sourcecode.swift; path = AppDelegate.swift; sourceTree = "<group>"; };
		026955A3230F4BCF00A29976 /* Base */ = {isa = PBXFileReference; lastKnownFileType = file.storyboard; name = Base; path = Base.lproj/Main.storyboard; sourceTree = "<group>"; };
		026955A5230F4BD100A29976 /* Assets.xcassets */ = {isa = PBXFileReference; lastKnownFileType = folder.assetcatalog; path = Assets.xcassets; sourceTree = "<group>"; };
		026955A8230F4BD100A29976 /* Base */ = {isa = PBXFileReference; lastKnownFileType = file.storyboard; name = Base; path = Base.lproj/LaunchScreen.storyboard; sourceTree = "<group>"; };
		026955AA230F4BD100A29976 /* Info.plist */ = {isa = PBXFileReference; lastKnownFileType = text.plist.xml; path = Info.plist; sourceTree = "<group>"; };
		026955B0230F4F1000A29976 /* GoogleService-Info.plist */ = {isa = PBXFileReference; fileEncoding = 4; lastKnownFileType = text.plist.xml; path = "GoogleService-Info.plist"; sourceTree = "<group>"; };
		5227CB636820776B81EA4C30 /* Pods-snapmessagechat.debug.xcconfig */ = {isa = PBXFileReference; includeInIndex = 1; lastKnownFileType = text.xcconfig; name = "Pods-snapmessagechat.debug.xcconfig"; path = "Target Support Files/Pods-snapmessagechat/Pods-snapmessagechat.debug.xcconfig"; sourceTree = "<group>"; };
		DA1E8F12DB895BE1DBB37CE5 /* Pods-snapmessagechat.release.xcconfig */ = {isa = PBXFileReference; includeInIndex = 1; lastKnownFileType = text.xcconfig; name = "Pods-snapmessagechat.release.xcconfig"; path = "Target Support Files/Pods-snapmessagechat/Pods-snapmessagechat.release.xcconfig"; sourceTree = "<group>"; };
		DADC4B3EA1007DC94793C9F4 /* Pods_snapmessagechat.framework */ = {isa = PBXFileReference; explicitFileType = wrapper.framework; includeInIndex = 0; path = Pods_snapmessagechat.framework; sourceTree = BUILT_PRODUCTS_DIR; };
/* End PBXFileReference section */

/* Begin PBXFrameworksBuildPhase section */
		02695598230F4BCF00A29976 /* Frameworks */ = {
			isa = PBXFrameworksBuildPhase;
			buildActionMask = 2147483647;
			files = (
				C115A9B15E2ECA0BE69D0F23 /* Pods_snapmessagechat.framework in Frameworks */,
			);
			runOnlyForDeploymentPostprocessing = 0;
		};
/* End PBXFrameworksBuildPhase section */

/* Begin PBXGroup section */
		02695592230F4BCF00A29976 = {
			isa = PBXGroup;
			children = (
				0269559D230F4BCF00A29976 /* snapmessagechat */,
				0269559C230F4BCF00A29976 /* Products */,
				7F20F957D7B85FDAFC3FEA93 /* Pods */,
				69B3F9BF180AE8E3FBA30D53 /* Frameworks */,
			);
			sourceTree = "<group>";
		};
		0269559C230F4BCF00A29976 /* Products */ = {
			isa = PBXGroup;
			children = (
				0269559B230F4BCF00A29976 /* snapmessagechat.app */,
			);
			name = Products;
			sourceTree = "<group>";
		};
		0269559D230F4BCF00A29976 /* snapmessagechat */ = {
			isa = PBXGroup;
			children = (
				0222CCE3231061C200797FA9 /* AddImageViewController.swift */,
				0269559E230F4BCF00A29976 /* AppDelegate.swift */,
				0222CCDF231056CB00797FA9 /* AuthViewController.swift */,
				026955A2230F4BCF00A29976 /* Main.storyboard */,
				026955A5230F4BD100A29976 /* Assets.xcassets */,
				026955A7230F4BD100A29976 /* LaunchScreen.storyboard */,
				026955B0230F4F1000A29976 /* GoogleService-Info.plist */,
				026955AA230F4BD100A29976 /* Info.plist */,
				0222CCE123105C8700797FA9 /* SnapsTableViewController.swift */,
			);
			path = snapmessagechat;
			sourceTree = "<group>";
		};
		69B3F9BF180AE8E3FBA30D53 /* Frameworks */ = {
			isa = PBXGroup;
			children = (
				DADC4B3EA1007DC94793C9F4 /* Pods_snapmessagechat.framework */,
			);
			name = Frameworks;
			sourceTree = "<group>";
		};
		7F20F957D7B85FDAFC3FEA93 /* Pods */ = {
			isa = PBXGroup;
			children = (
				5227CB636820776B81EA4C30 /* Pods-snapmessagechat.debug.xcconfig */,
				DA1E8F12DB895BE1DBB37CE5 /* Pods-snapmessagechat.release.xcconfig */,
			);
			path = Pods;
			sourceTree = "<group>";
		};
/* End PBXGroup section */

/* Begin PBXNativeTarget section */
		0269559A230F4BCF00A29976 /* snapmessagechat */ = {
			isa = PBXNativeTarget;
			buildConfigurationList = 026955AD230F4BD100A29976 /* Build configuration list for PBXNativeTarget "snapmessagechat" */;
			buildPhases = (
				68D43CE15E9BCDBB544C5F24 /* [CP] Check Pods Manifest.lock */,
				02695597230F4BCF00A29976 /* Sources */,
				02695598230F4BCF00A29976 /* Frameworks */,
				02695599230F4BCF00A29976 /* Resources */,
				4C3C5D7CAB5E58E2FB241261 /* [CP] Embed Pods Frameworks */,
			);
			buildRules = (
			);
			dependencies = (
			);
			name = snapmessagechat;
			productName = snapmessagechat;
			productReference = 0269559B230F4BCF00A29976 /* snapmessagechat.app */;
			productType = "com.apple.product-type.application";
		};
/* End PBXNativeTarget section */

/* Begin PBXProject section */
		02695593230F4BCF00A29976 /* Project object */ = {
			isa = PBXProject;
			attributes = {
				LastSwiftUpdateCheck = 1010;
				LastUpgradeCheck = 1010;
				ORGANIZATIONNAME = "Matthew Manion";
				TargetAttributes = {
					0269559A230F4BCF00A29976 = {
						CreatedOnToolsVersion = 10.1;
					};
				};
			};
			buildConfigurationList = 02695596230F4BCF00A29976 /* Build configuration list for PBXProject "snapmessagechat" */;
			compatibilityVersion = "Xcode 9.3";
			developmentRegion = en;
			hasScannedForEncodings = 0;
			knownRegions = (
				en,
				Base,
			);
			mainGroup = 02695592230F4BCF00A29976;
			productRefGroup = 0269559C230F4BCF00A29976 /* Products */;
			projectDirPath = "";
			projectRoot = "";
			targets = (
				0269559A230F4BCF00A29976 /* snapmessagechat */,
			);
		};
/* End PBXProject section */

/* Begin PBXResourcesBuildPhase section */
		02695599230F4BCF00A29976 /* Resources */ = {
			isa = PBXResourcesBuildPhase;
			buildActionMask = 2147483647;
			files = (
				026955A9230F4BD100A29976 /* LaunchScreen.storyboard in Resources */,
				026955B1230F4F1000A29976 /* GoogleService-Info.plist in Resources */,
				026955A6230F4BD100A29976 /* Assets.xcassets in Resources */,
				026955A4230F4BCF00A29976 /* Main.storyboard in Resources */,
			);
			runOnlyForDeploymentPostprocessing = 0;
		};
/* End PBXResourcesBuildPhase section */

/* Begin PBXShellScriptBuildPhase section */
		4C3C5D7CAB5E58E2FB241261 /* [CP] Embed Pods Frameworks */ = {
			isa = PBXShellScriptBuildPhase;
			buildActionMask = 2147483647;
			files = (
			);
			inputFileListPaths = (
				"${PODS_ROOT}/Target Support Files/Pods-snapmessagechat/Pods-snapmessagechat-frameworks-${CONFIGURATION}-input-files.xcfilelist",
			);
			name = "[CP] Embed Pods Frameworks";
			outputFileListPaths = (
				"${PODS_ROOT}/Target Support Files/Pods-snapmessagechat/Pods-snapmessagechat-frameworks-${CONFIGURATION}-output-files.xcfilelist",
			);
			runOnlyForDeploymentPostprocessing = 0;
			shellPath = /bin/sh;
			shellScript = "\"${PODS_ROOT}/Target Support Files/Pods-snapmessagechat/Pods-snapmessagechat-frameworks.sh\"\n";
			showEnvVarsInLog = 0;
		};
		68D43CE15E9BCDBB544C5F24 /* [CP] Check Pods Manifest.lock */ = {
			isa = PBXShellScriptBuildPhase;
			buildActionMask = 2147483647;
			files = (
			);
			inputFileListPaths = (
			);
			inputPaths = (
				"${PODS_PODFILE_DIR_PATH}/Podfile.lock",
				"${PODS_ROOT}/Manifest.lock",
			);
			name = "[CP] Check Pods Manifest.lock";
			outputFileListPaths = (
			);
			outputPaths = (
				"$(DERIVED_FILE_DIR)/Pods-snapmessagechat-checkManifestLockResult.txt",
			);
			runOnlyForDeploymentPostprocessing = 0;
			shellPath = /bin/sh;
			shellScript = "diff \"${PODS_PODFILE_DIR_PATH}/Podfile.lock\" \"${PODS_ROOT}/Manifest.lock\" > /dev/null\nif [ $? != 0 ] ; then\n    # print error to STDERR\n    echo \"error: The sandbox is not in sync with the Podfile.lock. Run 'pod install' or update your CocoaPods installation.\" >&2\n    exit 1\nfi\n# This output is used by Xcode 'outputs' to avoid re-running this script phase.\necho \"SUCCESS\" > \"${SCRIPT_OUTPUT_FILE_0}\"\n";
			showEnvVarsInLog = 0;
		};
/* End PBXShellScriptBuildPhase section */

/* Begin PBXSourcesBuildPhase section */
		02695597230F4BCF00A29976 /* Sources */ = {
			isa = PBXSourcesBuildPhase;
			buildActionMask = 2147483647;
			files = (
				0222CCE223105C8700797FA9 /* SnapsTableViewController.swift in Sources */,
				0222CCE0231056CB00797FA9 /* AuthViewController.swift in Sources */,
				0222CCE4231061C200797FA9 /* AddImageViewController.swift in Sources */,
				0269559F230F4BCF00A29976 /* AppDelegate.swift in Sources */,
			);
			runOnlyForDeploymentPostprocessing = 0;
		};
/* End PBXSourcesBuildPhase section */

/* Begin PBXVariantGroup section */
		026955A2230F4BCF00A29976 /* Main.storyboard */ = {
			isa = PBXVariantGroup;
			children = (
				026955A3230F4BCF00A29976 /* Base */,
			);
			name = Main.storyboard;
			sourceTree = "<group>";
		};
		026955A7230F4BD100A29976 /* LaunchScreen.storyboard */ = {
			isa = PBXVariantGroup;
			children = (
				026955A8230F4BD100A29976 /* Base */,
			);
			name = LaunchScreen.storyboard;
			sourceTree = "<group>";
		};
/* End PBXVariantGroup section */

/* Begin XCBuildConfiguration section */
		026955AB230F4BD100A29976 /* Debug */ = {
			isa = XCBuildConfiguration;
			buildSettings = {
				ALWAYS_SEARCH_USER_PATHS = NO;
				CLANG_ANALYZER_NONNULL = YES;
				CLANG_ANALYZER_NUMBER_OBJECT_CONVERSION = YES_AGGRESSIVE;
				CLANG_CXX_LANGUAGE_STANDARD = "gnu++14";
				CLANG_CXX_LIBRARY = "libc++";
				CLANG_ENABLE_MODULES = YES;
				CLANG_ENABLE_OBJC_ARC = YES;
				CLANG_ENABLE_OBJC_WEAK = YES;
				CLANG_WARN_BLOCK_CAPTURE_AUTORELEASING = YES;
				CLANG_WARN_BOOL_CONVERSION = YES;
				CLANG_WARN_COMMA = YES;
				CLANG_WARN_CONSTANT_CONVERSION = YES;
				CLANG_WARN_DEPRECATED_OBJC_IMPLEMENTATIONS = YES;
				CLANG_WARN_DIRECT_OBJC_ISA_USAGE = YES_ERROR;
				CLANG_WARN_DOCUMENTATION_COMMENTS = YES;
				CLANG_WARN_EMPTY_BODY = YES;
				CLANG_WARN_ENUM_CONVERSION = YES;
				CLANG_WARN_INFINITE_RECURSION = YES;
				CLANG_WARN_INT_CONVERSION = YES;
				CLANG_WARN_NON_LITERAL_NULL_CONVERSION = YES;
				CLANG_WARN_OBJC_IMPLICIT_RETAIN_SELF = YES;
				CLANG_WARN_OBJC_LITERAL_CONVERSION = YES;
				CLANG_WARN_OBJC_ROOT_CLASS = YES_ERROR;
				CLANG_WARN_RANGE_LOOP_ANALYSIS = YES;
				CLANG_WARN_STRICT_PROTOTYPES = YES;
				CLANG_WARN_SUSPICIOUS_MOVE = YES;
				CLANG_WARN_UNGUARDED_AVAILABILITY = YES_AGGRESSIVE;
				CLANG_WARN_UNREACHABLE_CODE = YES;
				CLANG_WARN__DUPLICATE_METHOD_MATCH = YES;
				CODE_SIGN_IDENTITY = "iPhone Developer";
				COPY_PHASE_STRIP = NO;
				DEBUG_INFORMATION_FORMAT = dwarf;
				ENABLE_STRICT_OBJC_MSGSEND = YES;
				ENABLE_TESTABILITY = YES;
				GCC_C_LANGUAGE_STANDARD = gnu11;
				GCC_DYNAMIC_NO_PIC = NO;
				GCC_NO_COMMON_BLOCKS = YES;
				GCC_OPTIMIZATION_LEVEL = 0;
				GCC_PREPROCESSOR_DEFINITIONS = (
					"DEBUG=1",
					"$(inherited)",
				);
				GCC_WARN_64_TO_32_BIT_CONVERSION = YES;
				GCC_WARN_ABOUT_RETURN_TYPE = YES_ERROR;
				GCC_WARN_UNDECLARED_SELECTOR = YES;
				GCC_WARN_UNINITIALIZED_AUTOS = YES_AGGRESSIVE;
				GCC_WARN_UNUSED_FUNCTION = YES;
				GCC_WARN_UNUSED_VARIABLE = YES;
				IPHONEOS_DEPLOYMENT_TARGET = 12.1;
				MTL_ENABLE_DEBUG_INFO = INCLUDE_SOURCE;
				MTL_FAST_MATH = YES;
				ONLY_ACTIVE_ARCH = YES;
				SDKROOT = iphoneos;
				SWIFT_ACTIVE_COMPILATION_CONDITIONS = DEBUG;
				SWIFT_OPTIMIZATION_LEVEL = "-Onone";
			};
			name = Debug;
		};
		026955AC230F4BD100A29976 /* Release */ = {
			isa = XCBuildConfiguration;
			buildSettings = {
				ALWAYS_SEARCH_USER_PATHS = NO;
				CLANG_ANALYZER_NONNULL = YES;
				CLANG_ANALYZER_NUMBER_OBJECT_CONVERSION = YES_AGGRESSIVE;
				CLANG_CXX_LANGUAGE_STANDARD = "gnu++14";
				CLANG_CXX_LIBRARY = "libc++";
				CLANG_ENABLE_MODULES = YES;
				CLANG_ENABLE_OBJC_ARC = YES;
				CLANG_ENABLE_OBJC_WEAK = YES;
				CLANG_WARN_BLOCK_CAPTURE_AUTORELEASING = YES;
				CLANG_WARN_BOOL_CONVERSION = YES;
				CLANG_WARN_COMMA = YES;
				CLANG_WARN_CONSTANT_CONVERSION = YES;
				CLANG_WARN_DEPRECATED_OBJC_IMPLEMENTATIONS = YES;
				CLANG_WARN_DIRECT_OBJC_ISA_USAGE = YES_ERROR;
				CLANG_WARN_DOCUMENTATION_COMMENTS = YES;
				CLANG_WARN_EMPTY_BODY = YES;
				CLANG_WARN_ENUM_CONVERSION = YES;
				CLANG_WARN_INFINITE_RECURSION = YES;
				CLANG_WARN_INT_CONVERSION = YES;
				CLANG_WARN_NON_LITERAL_NULL_CONVERSION = YES;
				CLANG_WARN_OBJC_IMPLICIT_RETAIN_SELF = YES;
				CLANG_WARN_OBJC_LITERAL_CONVERSION = YES;
				CLANG_WARN_OBJC_ROOT_CLASS = YES_ERROR;
				CLANG_WARN_RANGE_LOOP_ANALYSIS = YES;
				CLANG_WARN_STRICT_PROTOTYPES = YES;
				CLANG_WARN_SUSPICIOUS_MOVE = YES;
				CLANG_WARN_UNGUARDED_AVAILABILITY = YES_AGGRESSIVE;
				CLANG_WARN_UNREACHABLE_CODE = YES;
				CLANG_WARN__DUPLICATE_METHOD_MATCH = YES;
				CODE_SIGN_IDENTITY = "iPhone Developer";
				COPY_PHASE_STRIP = NO;
				DEBUG_INFORMATION_FORMAT = "dwarf-with-dsym";
				ENABLE_NS_ASSERTIONS = NO;
				ENABLE_STRICT_OBJC_MSGSEND = YES;
				GCC_C_LANGUAGE_STANDARD = gnu11;
				GCC_NO_COMMON_BLOCKS = YES;
				GCC_WARN_64_TO_32_BIT_CONVERSION = YES;
				GCC_WARN_ABOUT_RETURN_TYPE = YES_ERROR;
				GCC_WARN_UNDECLARED_SELECTOR = YES;
				GCC_WARN_UNINITIALIZED_AUTOS = YES_AGGRESSIVE;
				GCC_WARN_UNUSED_FUNCTION = YES;
				GCC_WARN_UNUSED_VARIABLE = YES;
				IPHONEOS_DEPLOYMENT_TARGET = 12.1;
				MTL_ENABLE_DEBUG_INFO = NO;
				MTL_FAST_MATH = YES;
				SDKROOT = iphoneos;
				SWIFT_COMPILATION_MODE = wholemodule;
				SWIFT_OPTIMIZATION_LEVEL = "-O";
				VALIDATE_PRODUCT = YES;
			};
			name = Release;
		};
		026955AE230F4BD100A29976 /* Debug */ = {
			isa = XCBuildConfiguration;
			baseConfigurationReference = 5227CB636820776B81EA4C30 /* Pods-snapmessagechat.debug.xcconfig */;
			buildSettings = {
				ASSETCATALOG_COMPILER_APPICON_NAME = AppIcon;
				CODE_SIGN_STYLE = Automatic;
				DEVELOPMENT_TEAM = 7NF7983PM9;
				INFOPLIST_FILE = snapmessagechat/Info.plist;
				LD_RUNPATH_SEARCH_PATHS = (
					"$(inherited)",
					"@executable_path/Frameworks",
				);
				PRODUCT_BUNDLE_IDENTIFIER = com.matthewmanion.snapmessagechat;
				PRODUCT_NAME = "$(TARGET_NAME)";
				SWIFT_VERSION = 4.2;
				TARGETED_DEVICE_FAMILY = "1,2";
			};
			name = Debug;
		};
		026955AF230F4BD100A29976 /* Release */ = {
			isa = XCBuildConfiguration;
			baseConfigurationReference = DA1E8F12DB895BE1DBB37CE5 /* Pods-snapmessagechat.release.xcconfig */;
			buildSettings = {
				ASSETCATALOG_COMPILER_APPICON_NAME = AppIcon;
				CODE_SIGN_STYLE = Automatic;
				DEVELOPMENT_TEAM = 7NF7983PM9;
				INFOPLIST_FILE = snapmessagechat/Info.plist;
				LD_RUNPATH_SEARCH_PATHS = (
					"$(inherited)",
					"@executable_path/Frameworks",
				);
				PRODUCT_BUNDLE_IDENTIFIER = com.matthewmanion.snapmessagechat;
				PRODUCT_NAME = "$(TARGET_NAME)";
				SWIFT_VERSION = 4.2;
				TARGETED_DEVICE_FAMILY = "1,2";
			};
			name = Release;
		};
/* End XCBuildConfiguration section */

/* Begin XCConfigurationList section */
		02695596230F4BCF00A29976 /* Build configuration list for PBXProject "snapmessagechat" */ = {
			isa = XCConfigurationList;
			buildConfigurations = (
				026955AB230F4BD100A29976 /* Debug */,
				026955AC230F4BD100A29976 /* Release */,
			);
			defaultConfigurationIsVisible = 0;
			defaultConfigurationName = Release;
		};
		026955AD230F4BD100A29976 /* Build configuration list for PBXNativeTarget "snapmessagechat" */ = {
			isa = XCConfigurationList;
			buildConfigurations = (
				026955AE230F4BD100A29976 /* Debug */,
				026955AF230F4BD100A29976 /* Release */,
			);
			defaultConfigurationIsVisible = 0;
			defaultConfigurationName = Release;
		};
/* End XCConfigurationList section */
	};
	rootObject = 02695593230F4BCF00A29976 /* Project object */;
}
